{
  "pins" : [
    {
      "identity" : "wallet-sdk",
      "kind" : "remoteSourceControl",
      "location" : "https://github.com/trustbloc-cicd/wallet-sdk",
      "state" : {
        "branch" : "main",
        "revision" : "137e6d2226dd9b8072794949b1c60c68af0aeb7c"
      }
    }
  ],
  "version" : 2
}
