{
  "name": "trustbloc-demo-app",
  "version": "0.0.1",
  "lockfileVersion": 2,
  "requires": true,
  "packages": {
    "": {
      "name": "trustbloc-demo-app",
      "version": "0.0.1",
      "license": "Apache-2.0",
      "dependencies": {
        "@trustbloc-cicd/wallet-sdk-js": "latest"
      }
    },
    "node_modules/@trustbloc-cicd/wallet-sdk-js": {
      "version": "1.2.6-snapshot-452cac5",
      "resolved": "https://npm.pkg.github.com/download/@trustbloc-cicd/wallet-sdk-js/1.2.6-snapshot-452cac5/de33d2119c4b61679ed34bd598c181cf0e91631f",
      "integrity": "sha512-mV1KxFBMOmingoDS6ToXcU0V+u7ZLO4/sGZN+3fitXdfu1ZkitnzZ8n2uA35se247UNhmYAHLx3Psi9LID911A==",
      "license": "Apache-2.0",
      "engines": {
        "node": ">=12.13",
        "npm": ">=6.13"
      }
    }
  },
  "dependencies": {
    "@trustbloc-cicd/wallet-sdk-js": {
      "version": "1.2.6-snapshot-452cac5",
      "resolved": "https://npm.pkg.github.com/download/@trustbloc-cicd/wallet-sdk-js/1.2.6-snapshot-452cac5/de33d2119c4b61679ed34bd598c181cf0e91631f",
      "integrity": "sha512-mV1KxFBMOmingoDS6ToXcU0V+u7ZLO4/sGZN+3fitXdfu1ZkitnzZ8n2uA35se247UNhmYAHLx3Psi9LID911A=="
    }
  }
}
