{
  "name": "trustbloc-demo-app",
  "version": "0.0.1",
  "lockfileVersion": 2,
  "requires": true,
  "packages": {
    "": {
      "name": "trustbloc-demo-app",
      "version": "0.0.1",
      "license": "Apache-2.0",
      "dependencies": {
        "@trustbloc-cicd/wallet-sdk-js": "1.2.4-snapshot-366ca00"
      }
    },
    "../../../cmd/wallet-sdk-js": {
      "name": "wallet-sdk",
      "version": "0.0.1",
      "extraneous": true,
      "license": "Apache-2.0",
      "devDependencies": {
        "webpack": "^5.88.1",
        "webpack-cli": "^5.1.4"
      },
      "engines": {
        "node": ">=12.13",
        "npm": ">=6.13"
      }
    },
    "../../../cmd/wallet-sdk-js/dist": {
      "extraneous": true
    },
    "node_modules/@trustbloc-cicd/wallet-sdk-js": {
      "version": "1.2.4-snapshot-366ca00",
      "resolved": "https://npm.pkg.github.com/download/@trustbloc-cicd/wallet-sdk-js/1.2.4-snapshot-366ca00/d6989818ee435052a4f3bf5240da07e44315f560",
      "integrity": "sha512-Fvt18EqWAl7IBN5DLxJy5KcNGMkV0VNcq6MeCm/01ufTJAaJq5S6p4f4tE2QKa0ymTd+rULofxdvMjSgCQsmoA==",
      "license": "Apache-2.0",
      "engines": {
        "node": ">=12.13",
        "npm": ">=6.13"
      }
    }
  },
  "dependencies": {
    "@trustbloc-cicd/wallet-sdk-js": {
      "version": "1.2.4-snapshot-366ca00",
      "resolved": "https://npm.pkg.github.com/download/@trustbloc-cicd/wallet-sdk-js/1.2.4-snapshot-366ca00/d6989818ee435052a4f3bf5240da07e44315f560",
      "integrity": "sha512-Fvt18EqWAl7IBN5DLxJy5KcNGMkV0VNcq6MeCm/01ufTJAaJq5S6p4f4tE2QKa0ymTd+rULofxdvMjSgCQsmoA=="
    }
  }
}
