{
  "name": "trustbloc-demo-app",
  "version": "0.0.1",
  "lockfileVersion": 2,
  "requires": true,
  "packages": {
    "": {
      "name": "trustbloc-demo-app",
      "version": "0.0.1",
      "license": "Apache-2.0",
      "dependencies": {
        "@trustbloc-cicd/wallet-sdk-js": "1.2.4-snapshot-bd10167"
      }
    },
    "../../../cmd/wallet-sdk-js": {
      "name": "wallet-sdk",
      "version": "0.0.1",
      "extraneous": true,
      "license": "Apache-2.0",
      "devDependencies": {
        "webpack": "^5.88.1",
        "webpack-cli": "^5.1.4"
      },
      "engines": {
        "node": ">=12.13",
        "npm": ">=6.13"
      }
    },
    "../../../cmd/wallet-sdk-js/dist": {
      "extraneous": true
    },
    "node_modules/@trustbloc-cicd/wallet-sdk-js": {
      "version": "1.2.4-snapshot-bd10167",
      "resolved": "https://npm.pkg.github.com/download/@trustbloc-cicd/wallet-sdk-js/1.2.4-snapshot-bd10167/c17fe548ec1c0c3685b36215c0cf64272c2a5696",
      "integrity": "sha512-NwdPVu8u0uz4YnjJV0Ij/KMIXa/SJSFL+2gCjwDMQ6G1gQQTGG0/Ke1INdAb9H71fjU/DP6nBnq7mNABpIWZdA==",
      "license": "Apache-2.0",
      "engines": {
        "node": ">=12.13",
        "npm": ">=6.13"
      }
    }
  },
  "dependencies": {
    "@trustbloc-cicd/wallet-sdk-js": {
      "version": "1.2.4-snapshot-bd10167",
      "resolved": "https://npm.pkg.github.com/download/@trustbloc-cicd/wallet-sdk-js/1.2.4-snapshot-bd10167/c17fe548ec1c0c3685b36215c0cf64272c2a5696",
      "integrity": "sha512-NwdPVu8u0uz4YnjJV0Ij/KMIXa/SJSFL+2gCjwDMQ6G1gQQTGG0/Ke1INdAb9H71fjU/DP6nBnq7mNABpIWZdA=="
    }
  }
}
