{
  "pins" : [
    {
      "identity" : "wallet-sdk",
      "kind" : "remoteSourceControl",
      "location" : "https://github.com/trustbloc-cicd/wallet-sdk",
      "state" : {
        "branch" : "main",
        "revision" : "27b9705344bd7b7a74697a6a31c5cca086ba2d66"
      }
    }
  ],
  "version" : 2
}
